Microsoft Visual Studio Solution File, Format Version 12.00
# Visual Studio Version 16
VisualStudioVersion = 16.0.31624.102
MinimumVisualStudioVersion = 10.0.40219.1
Project("{FAE04EC0-301F-11D3-BF4B-00C04F79EFBC}") = "BarCodeScanner.UWP", "BarCodeScanner.UWP\BarCodeScanner.UWP.csproj", "{A2B13BB1-0701-47F4-A868-268718478F2E}"
EndProject
Project("{9A19103F-16F7-4668-BE54-9A1E7A4F7556}") = "BarCodeScanner", "BarCodeScanner\BarCodeScanner.csproj", "{2D097C46-F3DF-453D-A4B7-A4F1C7A6573A}"
EndProject
Project("{FAE04EC0-301F-11D3-BF4B-00C04F79EFBC}") = "BarCodeScanner.Android", "BarCodeScanner.Android\BarCodeScanner.Android.csproj", "{A1117359-4650-47B8-9C65-689ECD3CE1F4}"
EndProject
Project("{FAE04EC0-301F-11D3-BF4B-00C04F79EFBC}") = "BarCodeScanner.iOS", "BarCodeScanner.iOS\BarCodeScanner.iOS.csproj", "{53C07D5D-6090-4352-9E5D-EFB70B1097A3}"
EndProject
Project("{2150E333-8FDC-42A3-9474-1A3956D46DE8}") = "SolutionItems", "SolutionItems", "{2A6FED40-47C6-4DA4-988A-FC672AEDE4AA}"
	ProjectSection(SolutionItems) = preProject
		.editorconfig = .editorconfig
	EndProjectSection
EndProject
Project("{2150E333-8FDC-42A3-9474-1A3956D46DE8}") = "Tests", "Tests", "{2D811939-4C0B-47F3-9032-31AA058E7499}"
EndProject
Project("{2150E333-8FDC-42A3-9474-1A3956D46DE8}") = "Solution Items", "Solution Items", "{7E8362F1-C106-4DAD-8B79-980EDFA12FDC}"
	ProjectSection(SolutionItems) = preProject
		.gitignore = .gitignore
	EndProjectSection
EndProject
Global
	GlobalSection(SolutionConfigurationPlatforms) = preSolution
		Debug|Any CPU = Debug|Any CPU
		Debug|ARM = Debug|ARM
		Debug|ARM64 = Debug|ARM64
		Debug|iPhone = Debug|iPhone
		Debug|iPhoneSimulator = Debug|iPhoneSimulator
		Debug|x64 = Debug|x64
		Debug|x86 = Debug|x86
		Release|Any CPU = Release|Any CPU
		Release|ARM = Release|ARM
		Release|ARM64 = Release|ARM64
		Release|iPhone = Release|iPhone
		Release|iPhoneSimulator = Release|iPhoneSimulator
		Release|x64 = Release|x64
		Release|x86 = Release|x86
	EndGlobalSection
	GlobalSection(ProjectConfigurationPlatforms) = postSolution
		{A2B13BB1-0701-47F4-A868-268718478F2E}.Debug|Any CPU.ActiveCfg = Debug|x86
		{A2B13BB1-0701-47F4-A868-268718478F2E}.Debug|Any CPU.Build.0 = Debug|x86
		{A2B13BB1-0701-47F4-A868-268718478F2E}.Debug|Any CPU.Deploy.0 = Debug|x86
		{A2B13BB1-0701-47F4-A868-268718478F2E}.Debug|ARM.ActiveCfg = Debug|ARM
		{A2B13BB1-0701-47F4-A868-268718478F2E}.Debug|ARM.Build.0 = Debug|ARM
		{A2B13BB1-0701-47F4-A868-268718478F2E}.Debug|ARM.Deploy.0 = Debug|ARM
		{A2B13BB1-0701-47F4-A868-268718478F2E}.Debug|ARM64.ActiveCfg = Debug|ARM64
		{A2B13BB1-0701-47F4-A868-268718478F2E}.Debug|ARM64.Build.0 = Debug|ARM64
		{A2B13BB1-0701-47F4-A868-268718478F2E}.Debug|ARM64.Deploy.0 = Debug|ARM64
		{A2B13BB1-0701-47F4-A868-268718478F2E}.Debug|iPhone.ActiveCfg = Debug|x86
		{A2B13BB1-0701-47F4-A868-268718478F2E}.Debug|iPhoneSimulator.ActiveCfg = Debug|x86
		{A2B13BB1-0701-47F4-A868-268718478F2E}.Debug|iPhoneSimulator.Build.0 = Debug|x86
		{A2B13BB1-0701-47F4-A868-268718478F2E}.Debug|iPhoneSimulator.Deploy.0 = Debug|x86
		{A2B13BB1-0701-47F4-A868-268718478F2E}.Debug|x64.ActiveCfg = Debug|x64
		{A2B13BB1-0701-47F4-A868-268718478F2E}.Debug|x64.Build.0 = Debug|x64
		{A2B13BB1-0701-47F4-A868-268718478F2E}.Debug|x64.Deploy.0 = Debug|x64
		{A2B13BB1-0701-47F4-A868-268718478F2E}.Debug|x86.ActiveCfg = Debug|x86
		{A2B13BB1-0701-47F4-A868-268718478F2E}.Debug|x86.Build.0 = Debug|x86
		{A2B13BB1-0701-47F4-A868-268718478F2E}.Debug|x86.Deploy.0 = Debug|x86
		{A2B13BB1-0701-47F4-A868-268718478F2E}.Release|Any CPU.ActiveCfg = Release|x86
		{A2B13BB1-0701-47F4-A868-268718478F2E}.Release|Any CPU.Build.0 = Release|x86
		{A2B13BB1-0701-47F4-A868-268718478F2E}.Release|Any CPU.Deploy.0 = Release|x86
		{A2B13BB1-0701-47F4-A868-268718478F2E}.Release|ARM.ActiveCfg = Release|ARM
		{A2B13BB1-0701-47F4-A868-268718478F2E}.Release|ARM.Build.0 = Release|ARM
		{A2B13BB1-0701-47F4-A868-268718478F2E}.Release|ARM.Deploy.0 = Release|ARM
		{A2B13BB1-0701-47F4-A868-268718478F2E}.Release|ARM64.ActiveCfg = Release|ARM64
		{A2B13BB1-0701-47F4-A868-268718478F2E}.Release|ARM64.Build.0 = Release|ARM64
		{A2B13BB1-0701-47F4-A868-268718478F2E}.Release|ARM64.Deploy.0 = Release|ARM64
		{A2B13BB1-0701-47F4-A868-268718478F2E}.Release|iPhone.ActiveCfg = Release|x86
		{A2B13BB1-0701-47F4-A868-268718478F2E}.Release|iPhoneSimulator.ActiveCfg = Release|x86
		{A2B13BB1-0701-47F4-A868-268718478F2E}.Release|iPhoneSimulator.Build.0 = Release|x86
		{A2B13BB1-0701-47F4-A868-268718478F2E}.Release|iPhoneSimulator.Deploy.0 = Release|x86
		{A2B13BB1-0701-47F4-A868-268718478F2E}.Release|x64.ActiveCfg = Release|x64
		{A2B13BB1-0701-47F4-A868-268718478F2E}.Release|x64.Build.0 = Release|x64
		{A2B13BB1-0701-47F4-A868-268718478F2E}.Release|x64.Deploy.0 = Release|x64
		{A2B13BB1-0701-47F4-A868-268718478F2E}.Release|x86.ActiveCfg = Release|x86
		{A2B13BB1-0701-47F4-A868-268718478F2E}.Release|x86.Build.0 = Release|x86
		{A2B13BB1-0701-47F4-A868-268718478F2E}.Release|x86.Deploy.0 = Release|x86
		{2D097C46-F3DF-453D-A4B7-A4F1C7A6573A}.Debug|Any CPU.ActiveCfg = Debug|Any CPU
		{2D097C46-F3DF-453D-A4B7-A4F1C7A6573A}.Debug|Any CPU.Build.0 = Debug|Any CPU
		{2D097C46-F3DF-453D-A4B7-A4F1C7A6573A}.Debug|ARM.ActiveCfg = Debug|Any CPU
		{2D097C46-F3DF-453D-A4B7-A4F1C7A6573A}.Debug|ARM.Build.0 = Debug|Any CPU
		{2D097C46-F3DF-453D-A4B7-A4F1C7A6573A}.Debug|ARM64.ActiveCfg = Debug|Any CPU
		{2D097C46-F3DF-453D-A4B7-A4F1C7A6573A}.Debug|ARM64.Build.0 = Debug|Any CPU
		{2D097C46-F3DF-453D-A4B7-A4F1C7A6573A}.Debug|iPhone.ActiveCfg = Debug|Any CPU
		{2D097C46-F3DF-453D-A4B7-A4F1C7A6573A}.Debug|iPhone.Build.0 = Debug|Any CPU
		{2D097C46-F3DF-453D-A4B7-A4F1C7A6573A}.Debug|iPhoneSimulator.ActiveCfg = Debug|Any CPU
		{2D097C46-F3DF-453D-A4B7-A4F1C7A6573A}.Debug|iPhoneSimulator.Build.0 = Debug|Any CPU
		{2D097C46-F3DF-453D-A4B7-A4F1C7A6573A}.Debug|x64.ActiveCfg = Debug|Any CPU
		{2D097C46-F3DF-453D-A4B7-A4F1C7A6573A}.Debug|x64.Build.0 = Debug|Any CPU
		{2D097C46-F3DF-453D-A4B7-A4F1C7A6573A}.Debug|x86.ActiveCfg = Debug|Any CPU
		{2D097C46-F3DF-453D-A4B7-A4F1C7A6573A}.Debug|x86.Build.0 = Debug|Any CPU
		{2D097C46-F3DF-453D-A4B7-A4F1C7A6573A}.Release|Any CPU.ActiveCfg = Release|Any CPU
		{2D097C46-F3DF-453D-A4B7-A4F1C7A6573A}.Release|Any CPU.Build.0 = Release|Any CPU
		{2D097C46-F3DF-453D-A4B7-A4F1C7A6573A}.Release|ARM.ActiveCfg = Release|Any CPU
		{2D097C46-F3DF-453D-A4B7-A4F1C7A6573A}.Release|ARM.Build.0 = Release|Any CPU
		{2D097C46-F3DF-453D-A4B7-A4F1C7A6573A}.Release|ARM64.ActiveCfg = Release|Any CPU
		{2D097C46-F3DF-453D-A4B7-A4F1C7A6573A}.Release|ARM64.Build.0 = Release|Any CPU
		{2D097C46-F3DF-453D-A4B7-A4F1C7A6573A}.Release|iPhone.ActiveCfg = Release|Any CPU
		{2D097C46-F3DF-453D-A4B7-A4F1C7A6573A}.Release|iPhone.Build.0 = Release|Any CPU
		{2D097C46-F3DF-453D-A4B7-A4F1C7A6573A}.Release|iPhoneSimulator.ActiveCfg = Release|Any CPU
		{2D097C46-F3DF-453D-A4B7-A4F1C7A6573A}.Release|iPhoneSimulator.Build.0 = Release|Any CPU
		{2D097C46-F3DF-453D-A4B7-A4F1C7A6573A}.Release|x64.ActiveCfg = Release|Any CPU
		{2D097C46-F3DF-453D-A4B7-A4F1C7A6573A}.Release|x64.Build.0 = Release|Any CPU
		{2D097C46-F3DF-453D-A4B7-A4F1C7A6573A}.Release|x86.ActiveCfg = Release|Any CPU
		{2D097C46-F3DF-453D-A4B7-A4F1C7A6573A}.Release|x86.Build.0 = Release|Any CPU
		{A1117359-4650-47B8-9C65-689ECD3CE1F4}.Debug|Any CPU.ActiveCfg = Debug|Any CPU
		{A1117359-4650-47B8-9C65-689ECD3CE1F4}.Debug|Any CPU.Build.0 = Debug|Any CPU
		{A1117359-4650-47B8-9C65-689ECD3CE1F4}.Debug|Any CPU.Deploy.0 = Debug|Any CPU
		{A1117359-4650-47B8-9C65-689ECD3CE1F4}.Debug|ARM.ActiveCfg = Debug|Any CPU
		{A1117359-4650-47B8-9C65-689ECD3CE1F4}.Debug|ARM.Build.0 = Debug|Any CPU
		{A1117359-4650-47B8-9C65-689ECD3CE1F4}.Debug|ARM.Deploy.0 = Debug|Any CPU
		{A1117359-4650-47B8-9C65-689ECD3CE1F4}.Debug|ARM64.ActiveCfg = Debug|Any CPU
		{A1117359-4650-47B8-9C65-689ECD3CE1F4}.Debug|ARM64.Build.0 = Debug|Any CPU
		{A1117359-4650-47B8-9C65-689ECD3CE1F4}.Debug|ARM64.Deploy.0 = Debug|Any CPU
		{A1117359-4650-47B8-9C65-689ECD3CE1F4}.Debug|iPhone.ActiveCfg = Debug|Any CPU
		{A1117359-4650-47B8-9C65-689ECD3CE1F4}.Debug|iPhone.Build.0 = Debug|Any CPU
		{A1117359-4650-47B8-9C65-689ECD3CE1F4}.Debug|iPhone.Deploy.0 = Debug|Any CPU
		{A1117359-4650-47B8-9C65-689ECD3CE1F4}.Debug|iPhoneSimulator.ActiveCfg = Debug|Any CPU
		{A1117359-4650-47B8-9C65-689ECD3CE1F4}.Debug|iPhoneSimulator.Build.0 = Debug|Any CPU
		{A1117359-4650-47B8-9C65-689ECD3CE1F4}.Debug|iPhoneSimulator.Deploy.0 = Debug|Any CPU
		{A1117359-4650-47B8-9C65-689ECD3CE1F4}.Debug|x64.ActiveCfg = Debug|Any CPU
		{A1117359-4650-47B8-9C65-689ECD3CE1F4}.Debug|x64.Build.0 = Debug|Any CPU
		{A1117359-4650-47B8-9C65-689ECD3CE1F4}.Debug|x64.Deploy.0 = Debug|Any CPU
		{A1117359-4650-47B8-9C65-689ECD3CE1F4}.Debug|x86.ActiveCfg = Debug|Any CPU
		{A1117359-4650-47B8-9C65-689ECD3CE1F4}.Debug|x86.Build.0 = Debug|Any CPU
		{A1117359-4650-47B8-9C65-689ECD3CE1F4}.Debug|x86.Deploy.0 = Debug|Any CPU
		{A1117359-4650-47B8-9C65-689ECD3CE1F4}.Release|Any CPU.ActiveCfg = Release|Any CPU
		{A1117359-4650-47B8-9C65-689ECD3CE1F4}.Release|Any CPU.Build.0 = Release|Any CPU
		{A1117359-4650-47B8-9C65-689ECD3CE1F4}.Release|Any CPU.Deploy.0 = Release|Any CPU
		{A1117359-4650-47B8-9C65-689ECD3CE1F4}.Release|ARM.ActiveCfg = Release|Any CPU
		{A1117359-4650-47B8-9C65-689ECD3CE1F4}.Release|ARM.Build.0 = Release|Any CPU
		{A1117359-4650-47B8-9C65-689ECD3CE1F4}.Release|ARM.Deploy.0 = Release|Any CPU
		{A1117359-4650-47B8-9C65-689ECD3CE1F4}.Release|ARM64.ActiveCfg = Release|Any CPU
		{A1117359-4650-47B8-9C65-689ECD3CE1F4}.Release|ARM64.Build.0 = Release|Any CPU
		{A1117359-4650-47B8-9C65-689ECD3CE1F4}.Release|ARM64.Deploy.0 = Release|Any CPU
		{A1117359-4650-47B8-9C65-689ECD3CE1F4}.Release|iPhone.ActiveCfg = Release|Any CPU
		{A1117359-4650-47B8-9C65-689ECD3CE1F4}.Release|iPhone.Build.0 = Release|Any CPU
		{A1117359-4650-47B8-9C65-689ECD3CE1F4}.Release|iPhone.Deploy.0 = Release|Any CPU
		{A1117359-4650-47B8-9C65-689ECD3CE1F4}.Release|iPhoneSimulator.ActiveCfg = Release|Any CPU
		{A1117359-4650-47B8-9C65-689ECD3CE1F4}.Release|iPhoneSimulator.Build.0 = Release|Any CPU
		{A1117359-4650-47B8-9C65-689ECD3CE1F4}.Release|iPhoneSimulator.Deploy.0 = Release|Any CPU
		{A1117359-4650-47B8-9C65-689ECD3CE1F4}.Release|x64.ActiveCfg = Release|Any CPU
		{A1117359-4650-47B8-9C65-689ECD3CE1F4}.Release|x64.Build.0 = Release|Any CPU
		{A1117359-4650-47B8-9C65-689ECD3CE1F4}.Release|x64.Deploy.0 = Release|Any CPU
		{A1117359-4650-47B8-9C65-689ECD3CE1F4}.Release|x86.ActiveCfg = Release|Any CPU
		{A1117359-4650-47B8-9C65-689ECD3CE1F4}.Release|x86.Build.0 = Release|Any CPU
		{A1117359-4650-47B8-9C65-689ECD3CE1F4}.Release|x86.Deploy.0 = Release|Any CPU
		{53C07D5D-6090-4352-9E5D-EFB70B1097A3}.Debug|Any CPU.ActiveCfg = Debug|iPhoneSimulator
		{53C07D5D-6090-4352-9E5D-EFB70B1097A3}.Debug|Any CPU.Build.0 = Debug|iPhoneSimulator
		{53C07D5D-6090-4352-9E5D-EFB70B1097A3}.Debug|ARM.ActiveCfg = Debug|iPhoneSimulator
		{53C07D5D-6090-4352-9E5D-EFB70B1097A3}.Debug|ARM64.ActiveCfg = Debug|iPhoneSimulator
		{53C07D5D-6090-4352-9E5D-EFB70B1097A3}.Debug|iPhone.ActiveCfg = Debug|iPhone
		{53C07D5D-6090-4352-9E5D-EFB70B1097A3}.Debug|iPhone.Build.0 = Debug|iPhone
		{53C07D5D-6090-4352-9E5D-EFB70B1097A3}.Debug|iPhoneSimulator.ActiveCfg = Debug|iPhoneSimulator
		{53C07D5D-6090-4352-9E5D-EFB70B1097A3}.Debug|iPhoneSimulator.Build.0 = Debug|iPhoneSimulator
		{53C07D5D-6090-4352-9E5D-EFB70B1097A3}.Debug|x64.ActiveCfg = Debug|iPhoneSimulator
		{53C07D5D-6090-4352-9E5D-EFB70B1097A3}.Debug|x86.ActiveCfg = Debug|iPhoneSimulator
		{53C07D5D-6090-4352-9E5D-EFB70B1097A3}.Release|Any CPU.ActiveCfg = Release|iPhoneSimulator
		{53C07D5D-6090-4352-9E5D-EFB70B1097A3}.Release|Any CPU.Build.0 = Release|iPhoneSimulator
		{53C07D5D-6090-4352-9E5D-EFB70B1097A3}.Release|ARM.ActiveCfg = Release|iPhoneSimulator
		{53C07D5D-6090-4352-9E5D-EFB70B1097A3}.Release|ARM64.ActiveCfg = Release|iPhoneSimulator
		{53C07D5D-6090-4352-9E5D-EFB70B1097A3}.Release|iPhone.ActiveCfg = Release|iPhone
		{53C07D5D-6090-4352-9E5D-EFB70B1097A3}.Release|iPhone.Build.0 = Release|iPhone
		{53C07D5D-6090-4352-9E5D-EFB70B1097A3}.Release|iPhoneSimulator.ActiveCfg = Release|iPhoneSimulator
		{53C07D5D-6090-4352-9E5D-EFB70B1097A3}.Release|iPhoneSimulator.Build.0 = Release|iPhoneSimulator
		{53C07D5D-6090-4352-9E5D-EFB70B1097A3}.Release|x64.ActiveCfg = Release|iPhoneSimulator
		{53C07D5D-6090-4352-9E5D-EFB70B1097A3}.Release|x86.ActiveCfg = Release|iPhoneSimulator
	EndGlobalSection
	GlobalSection(SolutionProperties) = preSolution
		HideSolutionNode = FALSE
	EndGlobalSection
	GlobalSection(ExtensibilityGlobals) = postSolution
		SolutionGuid = {93CE2FF7-50EB-4B77-9E1F-9B43952E0495}
	EndGlobalSection
EndGlobal
